
Microsoft Visual Studio Solution File, Format Version 11.00
# Visual Studio 2010
Project("{FAE04EC0-301F-11D3-BF4B-00C04F79EFBC}") = "GoogleCloudPrint", "GoogleCloudPrint\GoogleCloudPrint.csproj", "{DAF58934-3F63-4169-AA85-940E8CC5069A}"
EndProject
Project("{FAE04EC0-301F-11D3-BF4B-00C04F79EFBC}") = "CloudPrint", "CloudPrint\CloudPrint.csproj", "{D5480481-5981-40D2-978A-70CF78EF0308}"
EndProject
Global
	GlobalSection(SolutionConfigurationPlatforms) = preSolution
		Debug|Any CPU = Debug|Any CPU
		Release|Any CPU = Release|Any CPU
	EndGlobalSection
	GlobalSection(ProjectConfigurationPlatforms) = postSolution
		{D5480481-5981-40D2-978A-70CF78EF0308}.Debug|Any CPU.ActiveCfg = Debug|Any CPU
		{D5480481-5981-40D2-978A-70CF78EF0308}.Debug|Any CPU.Build.0 = Debug|Any CPU
		{D5480481-5981-40D2-978A-70CF78EF0308}.Release|Any CPU.ActiveCfg = Release|Any CPU
		{D5480481-5981-40D2-978A-70CF78EF0308}.Release|Any CPU.Build.0 = Release|Any CPU
		{DAF58934-3F63-4169-AA85-940E8CC5069A}.Debug|Any CPU.ActiveCfg = Debug|Any CPU
		{DAF58934-3F63-4169-AA85-940E8CC5069A}.Debug|Any CPU.Build.0 = Debug|Any CPU
		{DAF58934-3F63-4169-AA85-940E8CC5069A}.Release|Any CPU.ActiveCfg = Release|Any CPU
		{DAF58934-3F63-4169-AA85-940E8CC5069A}.Release|Any CPU.Build.0 = Release|Any CPU
	EndGlobalSection
	GlobalSection(MonoDevelopProperties) = preSolution
		StartupItem = GoogleCloudPrint\GoogleCloudPrint.csproj
	EndGlobalSection
EndGlobal
